
Microsoft Visual Studio Solution File, Format Version 12.00
# Visual Studio 14
VisualStudioVersion = 14.0.23107.0
MinimumVisualStudioVersion = 10.0.40219.1
Project("{FAE04EC0-301F-11D3-BF4B-00C04F79EFBC}") = "CarSYS", "CarSYS\CarSYS.csproj", "{967BC561-8D41-42CE-BC0D-77C9C6083DA1}"
EndProject
Project("{FAE04EC0-301F-11D3-BF4B-00C04F79EFBC}") = "CarSYSModels", "CarSYSModels\CarSYSModels.csproj", "{5F4F53CF-8559-4E05-A234-2F4D0E9E83DB}"
EndProject
Project("{FAE04EC0-301F-11D3-BF4B-00C04F79EFBC}") = "CarSYSDAL", "CarSYSDAL\CarSYSDAL.csproj", "{C42E9858-7C15-4F90-A7C4-10BD7D592EA9}"
EndProject
Project("{FAE04EC0-301F-11D3-BF4B-00C04F79EFBC}") = "CarSYSBLL", "CarSYSBLL\CarSYSBLL.csproj", "{4E6DA41A-B701-440B-A3C9-7A8241780608}"
EndProject
Global
	GlobalSection(SolutionConfigurationPlatforms) = preSolution
		Debug|Any CPU = Debug|Any CPU
		Release|Any CPU = Release|Any CPU
	EndGlobalSection
	GlobalSection(ProjectConfigurationPlatforms) = postSolution
		{967BC561-8D41-42CE-BC0D-77C9C6083DA1}.Debug|Any CPU.ActiveCfg = Debug|Any CPU
		{967BC561-8D41-42CE-BC0D-77C9C6083DA1}.Debug|Any CPU.Build.0 = Debug|Any CPU
		{967BC561-8D41-42CE-BC0D-77C9C6083DA1}.Release|Any CPU.ActiveCfg = Release|Any CPU
		{967BC561-8D41-42CE-BC0D-77C9C6083DA1}.Release|Any CPU.Build.0 = Release|Any CPU
		{5F4F53CF-8559-4E05-A234-2F4D0E9E83DB}.Debug|Any CPU.ActiveCfg = Debug|Any CPU
		{5F4F53CF-8559-4E05-A234-2F4D0E9E83DB}.Debug|Any CPU.Build.0 = Debug|Any CPU
		{5F4F53CF-8559-4E05-A234-2F4D0E9E83DB}.Release|Any CPU.ActiveCfg = Release|Any CPU
		{5F4F53CF-8559-4E05-A234-2F4D0E9E83DB}.Release|Any CPU.Build.0 = Release|Any CPU
		{C42E9858-7C15-4F90-A7C4-10BD7D592EA9}.Debug|Any CPU.ActiveCfg = Debug|Any CPU
		{C42E9858-7C15-4F90-A7C4-10BD7D592EA9}.Debug|Any CPU.Build.0 = Debug|Any CPU
		{C42E9858-7C15-4F90-A7C4-10BD7D592EA9}.Release|Any CPU.ActiveCfg = Release|Any CPU
		{C42E9858-7C15-4F90-A7C4-10BD7D592EA9}.Release|Any CPU.Build.0 = Release|Any CPU
		{4E6DA41A-B701-440B-A3C9-7A8241780608}.Debug|Any CPU.ActiveCfg = Debug|Any CPU
		{4E6DA41A-B701-440B-A3C9-7A8241780608}.Debug|Any CPU.Build.0 = Debug|Any CPU
		{4E6DA41A-B701-440B-A3C9-7A8241780608}.Release|Any CPU.ActiveCfg = Release|Any CPU
		{4E6DA41A-B701-440B-A3C9-7A8241780608}.Release|Any CPU.Build.0 = Release|Any CPU
	EndGlobalSection
	GlobalSection(SolutionProperties) = preSolution
		HideSolutionNode = FALSE
	EndGlobalSection
EndGlobal
